{
  "name": "lezer",
  "version": "1.0.0",
  "lockfileVersion": 1,
  "requires": true,
  "dependencies": {
    "@lezer/common": {
      "version": "1.0.0",
      "resolved": "https://registry.npmjs.org/@lezer/common/-/common-1.0.0.tgz",
      "integrity": "sha512-ohydQe+Hb+w4oMDvXzs8uuJd2NoA3D8YDcLiuDsLqH+yflDTPEpgCsWI3/6rH5C3BAedtH1/R51dxENldQceEA=="
    },
    "@lezer/generator": {
      "version": "1.1.1",
      "resolved": "https://registry.npmjs.org/@lezer/generator/-/generator-1.1.1.tgz",
      "integrity": "sha512-GrB5EwOn09yf5YfDk6TcspHcF7PQZP83665moY5VmOURwCmNOx+Qit3mwp7W/EsGpqd4PPRioxNkYwYZii69cw==",
      "requires": {
        "@lezer/common": "^1.0.0",
        "@lezer/lr": "^1.0.0"
      }
    },
    "@lezer/lr": {
      "version": "1.2.3",
      "resolved": "https://registry.npmjs.org/@lezer/lr/-/lr-1.2.3.tgz",
      "integrity": "sha512-qpB7rBzH8f6Mzjv2AVZRahcm+2Cf7nbIH++uXbvVOL1yIRvVWQ3HAM/saeBLCyz/togB7LGo76qdJYL1uKQlqA==",
      "requires": {
        "@lezer/common": "^1.0.0"
      }
    }
  }
}
